
Microsoft Visual Studio Solution File, Format Version 12.00
# Visual Studio Version 17
VisualStudioVersion = 17.4.33213.308
MinimumVisualStudioVersion = 10.0.40219.1
Project("{FAE04EC0-301F-11D3-BF4B-00C04F79EFBC}") = "bhw1", "bhw1.csproj", "{B471FF03-48F4-4C11-BC82-9E818F0CA165}"
EndProject
Global
	GlobalSection(SolutionConfigurationPlatforms) = preSolution
		Debug|Any CPU = Debug|Any CPU
		Release|Any CPU = Release|Any CPU
	EndGlobalSection
	GlobalSection(ProjectConfigurationPlatforms) = postSolution
		{B471FF03-48F4-4C11-BC82-9E818F0CA165}.Debug|Any CPU.ActiveCfg = Debug|Any CPU
		{B471FF03-48F4-4C11-BC82-9E818F0CA165}.Debug|Any CPU.Build.0 = Debug|Any CPU
		{B471FF03-48F4-4C11-BC82-9E818F0CA165}.Release|Any CPU.ActiveCfg = Release|Any CPU
		{B471FF03-48F4-4C11-BC82-9E818F0CA165}.Release|Any CPU.Build.0 = Release|Any CPU
	EndGlobalSection
	GlobalSection(SolutionProperties) = preSolution
		HideSolutionNode = FALSE
	EndGlobalSection
	GlobalSection(ExtensibilityGlobals) = postSolution
		SolutionGuid = {7711E966-93D1-428A-9EE5-0E67D63F9BFD}
	EndGlobalSection
EndGlobal
